
Microsoft Visual Studio Solution File, Format Version 12.00
# Visual Studio Version 17
VisualStudioVersion = 17.10.34916.146
MinimumVisualStudioVersion = 10.0.40219.1
Project("{2150E333-8FDC-42A3-9474-1A3956D46DE8}") = "ApiGateway", "ApiGateway", "{CBC315AA-600A-4583-84AF-3D32C52F51EB}"
EndProject
Project("{2150E333-8FDC-42A3-9474-1A3956D46DE8}") = "Core", "Core", "{5DDA19E8-EA20-4F60-9280-57A7C8A166C9}"
EndProject
Project("{2150E333-8FDC-42A3-9474-1A3956D46DE8}") = "Services", "Services", "{B8EA7152-21BA-4758-AC29-02A568963EE0}"
EndProject
Project("{2150E333-8FDC-42A3-9474-1A3956D46DE8}") = "WorkerService", "WorkerService", "{BA160063-CED1-4C50-8988-76A72DF0D8B7}"
EndProject
Project("{2150E333-8FDC-42A3-9474-1A3956D46DE8}") = "UserService", "UserService", "{64AC6140-7537-4B69-A85E-A3711FC266DB}"
EndProject
Project("{9A19103F-16F7-4668-BE54-9A1E7A4F7556}") = "MainteXpert.Common", "Core\MainteXpert.Common\MainteXpert.Common.csproj", "{AD8CF903-4A28-41B5-8E48-01F92A6E2F09}"
EndProject
Project("{9A19103F-16F7-4668-BE54-9A1E7A4F7556}") = "MainteXpert.Middleware", "Core\MainteXpert.Middleware\MainteXpert.Middleware.csproj", "{3FB67A68-D22D-4F9E-9BC2-8C2CAA279E71}"
EndProject
Project("{9A19103F-16F7-4668-BE54-9A1E7A4F7556}") = "MainteXpert.Helper", "Core\MainteXpert.Helper\MainteXpert.Helper.csproj", "{79FBFC6D-93A7-473E-92A8-5905AF91C94B}"
EndProject
Project("{2150E333-8FDC-42A3-9474-1A3956D46DE8}") = "Repository", "Repository", "{4AA083CA-83BF-4EFB-A2F4-4F482AAD07EE}"
EndProject
Project("{9A19103F-16F7-4668-BE54-9A1E7A4F7556}") = "MainteXpert.Repository", "Repository\MainteXpert.Repository\MainteXpert.Repository.csproj", "{7BC309DC-2AFB-4003-9946-A78A40BADF37}"
EndProject
Project("{2150E333-8FDC-42A3-9474-1A3956D46DE8}") = "MessagingService", "MessagingService", "{1EA8B936-4507-493A-BE32-66F144E3E111}"
EndProject
Project("{9A19103F-16F7-4668-BE54-9A1E7A4F7556}") = "MainteXpert.MessagingService", "Services\MainteXpert.MessagingService\MainteXpert.MessagingService.csproj", "{DAA1A1AC-E911-4098-B1C5-9B6F8E771023}"
EndProject
Project("{9A19103F-16F7-4668-BE54-9A1E7A4F7556}") = "MainteXpert.WorkerService", "Services\MainteXpert.WorkerService\MainteXpert.WorkerService.csproj", "{73E13649-1889-4B5F-9241-273F5AFBAEE1}"
EndProject
Project("{9A19103F-16F7-4668-BE54-9A1E7A4F7556}") = "MainteXpert.UserService.Application", "Services\MainteXpert.UserService\MainteXpert.UserService.Application\MainteXpert.UserService.Application.csproj", "{CFFC724E-071E-42E4-AA7D-85EA262910E2}"
EndProject
Project("{9A19103F-16F7-4668-BE54-9A1E7A4F7556}") = "MainteXpert.UserService.API", "Services\MainteXpert.UserService\MainteXpert.UserService.API\MainteXpert.UserService.API.csproj", "{CF88C571-7021-40CF-9A8A-D9DEF8B6EEC5}"
EndProject
Project("{9A19103F-16F7-4668-BE54-9A1E7A4F7556}") = "MainteXpert.APIGateway", "Gateway\MainteXpert.APIGateway\MainteXpert.APIGateway.csproj", "{24195C7F-F70F-433C-9B36-F4A67ACFAED1}"
EndProject
Project("{2150E333-8FDC-42A3-9474-1A3956D46DE8}") = "Shared", "Shared", "{D9B6AAE7-8462-4C5D-AB57-ED85B402A45D}"
EndProject
Project("{2150E333-8FDC-42A3-9474-1A3956D46DE8}") = "IdentityServer", "IdentityServer", "{4B4B8984-5736-44C9-BB5D-F245B6FB14B6}"
EndProject
Project("{9A19103F-16F7-4668-BE54-9A1E7A4F7556}") = "MainteXpert.IdentityServer", "IdentityServer\MainteXpert.IdentityServer\MainteXpert.IdentityServer.csproj", "{3B37C8CA-ABD3-4835-AD50-5652B2733B42}"
EndProject
Project("{9A19103F-16F7-4668-BE54-9A1E7A4F7556}") = "MainteXpert.Shared", "Shared\MainteXpert\MainteXpert.Shared.csproj", "{3080691D-01EC-424E-B7C6-AFB1036C7BE4}"
EndProject
Project("{2150E333-8FDC-42A3-9474-1A3956D46DE8}") = "ErrorCardService", "ErrorCardService", "{A49A5DD7-34DE-402F-B8D6-3351847C1D72}"
EndProject
Project("{9A19103F-16F7-4668-BE54-9A1E7A4F7556}") = "MainteXpert.ErrorCardService.Application", "Services\MainteXpert.ErrorCardService\MainteXpert.ErrorCardService.Application\MainteXpert.ErrorCardService.Application.csproj", "{E9150129-D59D-437A-B9F1-438EA4E654A1}"
EndProject
Project("{9A19103F-16F7-4668-BE54-9A1E7A4F7556}") = "MainteXpert.ErrorCardService.API", "Services\MainteXpert.ErrorCardService\MainteXpert.ErrorCardService.API\MainteXpert.ErrorCardService.API.csproj", "{83D1229B-9F6B-4CD4-A16C-6579B87D50A2}"
EndProject
Project("{2150E333-8FDC-42A3-9474-1A3956D46DE8}") = "MaintenanceScheduleService", "MaintenanceScheduleService", "{C23C4561-CED4-4873-AE64-CDF27376F6DC}"
EndProject
Project("{9A19103F-16F7-4668-BE54-9A1E7A4F7556}") = "MainteXpert.MaintenanceSchedule.Application", "Services\MaintenanceScheduleService\MainteXpert.MaintenanceSchedule.Application\MainteXpert.MaintenanceSchedule.Application.csproj", "{09404BA0-210E-47CD-B3B9-1D3C35F60194}"
EndProject
Project("{FAE04EC0-301F-11D3-BF4B-00C04F79EFBC}") = "MainteXpert.MaintenanceScheduleService.API", "Services\MaintenanceScheduleService\MainteXpert.MaintenanceScheduleService.API\MainteXpert.MaintenanceScheduleService.API.csproj", "{EF02E4D5-E045-4F4D-96D2-93B5256DD492}"
EndProject
Global
	GlobalSection(SolutionConfigurationPlatforms) = preSolution
		Debug|Any CPU = Debug|Any CPU
		Release|Any CPU = Release|Any CPU
	EndGlobalSection
	GlobalSection(ProjectConfigurationPlatforms) = postSolution
		{AD8CF903-4A28-41B5-8E48-01F92A6E2F09}.Debug|Any CPU.ActiveCfg = Debug|Any CPU
		{AD8CF903-4A28-41B5-8E48-01F92A6E2F09}.Debug|Any CPU.Build.0 = Debug|Any CPU
		{AD8CF903-4A28-41B5-8E48-01F92A6E2F09}.Release|Any CPU.ActiveCfg = Release|Any CPU
		{AD8CF903-4A28-41B5-8E48-01F92A6E2F09}.Release|Any CPU.Build.0 = Release|Any CPU
		{3FB67A68-D22D-4F9E-9BC2-8C2CAA279E71}.Debug|Any CPU.ActiveCfg = Debug|Any CPU
		{3FB67A68-D22D-4F9E-9BC2-8C2CAA279E71}.Debug|Any CPU.Build.0 = Debug|Any CPU
		{3FB67A68-D22D-4F9E-9BC2-8C2CAA279E71}.Release|Any CPU.ActiveCfg = Release|Any CPU
		{3FB67A68-D22D-4F9E-9BC2-8C2CAA279E71}.Release|Any CPU.Build.0 = Release|Any CPU
		{79FBFC6D-93A7-473E-92A8-5905AF91C94B}.Debug|Any CPU.ActiveCfg = Debug|Any CPU
		{79FBFC6D-93A7-473E-92A8-5905AF91C94B}.Debug|Any CPU.Build.0 = Debug|Any CPU
		{79FBFC6D-93A7-473E-92A8-5905AF91C94B}.Release|Any CPU.ActiveCfg = Release|Any CPU
		{79FBFC6D-93A7-473E-92A8-5905AF91C94B}.Release|Any CPU.Build.0 = Release|Any CPU
		{7BC309DC-2AFB-4003-9946-A78A40BADF37}.Debug|Any CPU.ActiveCfg = Debug|Any CPU
		{7BC309DC-2AFB-4003-9946-A78A40BADF37}.Debug|Any CPU.Build.0 = Debug|Any CPU
		{7BC309DC-2AFB-4003-9946-A78A40BADF37}.Release|Any CPU.ActiveCfg = Release|Any CPU
		{7BC309DC-2AFB-4003-9946-A78A40BADF37}.Release|Any CPU.Build.0 = Release|Any CPU
		{DAA1A1AC-E911-4098-B1C5-9B6F8E771023}.Debug|Any CPU.ActiveCfg = Debug|Any CPU
		{DAA1A1AC-E911-4098-B1C5-9B6F8E771023}.Debug|Any CPU.Build.0 = Debug|Any CPU
		{DAA1A1AC-E911-4098-B1C5-9B6F8E771023}.Release|Any CPU.ActiveCfg = Release|Any CPU
		{DAA1A1AC-E911-4098-B1C5-9B6F8E771023}.Release|Any CPU.Build.0 = Release|Any CPU
		{73E13649-1889-4B5F-9241-273F5AFBAEE1}.Debug|Any CPU.ActiveCfg = Debug|Any CPU
		{73E13649-1889-4B5F-9241-273F5AFBAEE1}.Debug|Any CPU.Build.0 = Debug|Any CPU
		{73E13649-1889-4B5F-9241-273F5AFBAEE1}.Release|Any CPU.ActiveCfg = Release|Any CPU
		{73E13649-1889-4B5F-9241-273F5AFBAEE1}.Release|Any CPU.Build.0 = Release|Any CPU
		{CFFC724E-071E-42E4-AA7D-85EA262910E2}.Debug|Any CPU.ActiveCfg = Debug|Any CPU
		{CFFC724E-071E-42E4-AA7D-85EA262910E2}.Debug|Any CPU.Build.0 = Debug|Any CPU
		{CFFC724E-071E-42E4-AA7D-85EA262910E2}.Release|Any CPU.ActiveCfg = Release|Any CPU
		{CFFC724E-071E-42E4-AA7D-85EA262910E2}.Release|Any CPU.Build.0 = Release|Any CPU
		{CF88C571-7021-40CF-9A8A-D9DEF8B6EEC5}.Debug|Any CPU.ActiveCfg = Debug|Any CPU
		{CF88C571-7021-40CF-9A8A-D9DEF8B6EEC5}.Debug|Any CPU.Build.0 = Debug|Any CPU
		{CF88C571-7021-40CF-9A8A-D9DEF8B6EEC5}.Release|Any CPU.ActiveCfg = Release|Any CPU
		{CF88C571-7021-40CF-9A8A-D9DEF8B6EEC5}.Release|Any CPU.Build.0 = Release|Any CPU
		{24195C7F-F70F-433C-9B36-F4A67ACFAED1}.Debug|Any CPU.ActiveCfg = Debug|Any CPU
		{24195C7F-F70F-433C-9B36-F4A67ACFAED1}.Debug|Any CPU.Build.0 = Debug|Any CPU
		{24195C7F-F70F-433C-9B36-F4A67ACFAED1}.Release|Any CPU.ActiveCfg = Release|Any CPU
		{24195C7F-F70F-433C-9B36-F4A67ACFAED1}.Release|Any CPU.Build.0 = Release|Any CPU
		{3B37C8CA-ABD3-4835-AD50-5652B2733B42}.Debug|Any CPU.ActiveCfg = Debug|Any CPU
		{3B37C8CA-ABD3-4835-AD50-5652B2733B42}.Debug|Any CPU.Build.0 = Debug|Any CPU
		{3B37C8CA-ABD3-4835-AD50-5652B2733B42}.Release|Any CPU.ActiveCfg = Release|Any CPU
		{3B37C8CA-ABD3-4835-AD50-5652B2733B42}.Release|Any CPU.Build.0 = Release|Any CPU
		{3080691D-01EC-424E-B7C6-AFB1036C7BE4}.Debug|Any CPU.ActiveCfg = Debug|Any CPU
		{3080691D-01EC-424E-B7C6-AFB1036C7BE4}.Debug|Any CPU.Build.0 = Debug|Any CPU
		{3080691D-01EC-424E-B7C6-AFB1036C7BE4}.Release|Any CPU.ActiveCfg = Release|Any CPU
		{3080691D-01EC-424E-B7C6-AFB1036C7BE4}.Release|Any CPU.Build.0 = Release|Any CPU
		{E9150129-D59D-437A-B9F1-438EA4E654A1}.Debug|Any CPU.ActiveCfg = Debug|Any CPU
		{E9150129-D59D-437A-B9F1-438EA4E654A1}.Debug|Any CPU.Build.0 = Debug|Any CPU
		{E9150129-D59D-437A-B9F1-438EA4E654A1}.Release|Any CPU.ActiveCfg = Release|Any CPU
		{E9150129-D59D-437A-B9F1-438EA4E654A1}.Release|Any CPU.Build.0 = Release|Any CPU
		{83D1229B-9F6B-4CD4-A16C-6579B87D50A2}.Debug|Any CPU.ActiveCfg = Debug|Any CPU
		{83D1229B-9F6B-4CD4-A16C-6579B87D50A2}.Debug|Any CPU.Build.0 = Debug|Any CPU
		{83D1229B-9F6B-4CD4-A16C-6579B87D50A2}.Release|Any CPU.ActiveCfg = Release|Any CPU
		{83D1229B-9F6B-4CD4-A16C-6579B87D50A2}.Release|Any CPU.Build.0 = Release|Any CPU
		{09404BA0-210E-47CD-B3B9-1D3C35F60194}.Debug|Any CPU.ActiveCfg = Debug|Any CPU
		{09404BA0-210E-47CD-B3B9-1D3C35F60194}.Debug|Any CPU.Build.0 = Debug|Any CPU
		{09404BA0-210E-47CD-B3B9-1D3C35F60194}.Release|Any CPU.ActiveCfg = Release|Any CPU
		{09404BA0-210E-47CD-B3B9-1D3C35F60194}.Release|Any CPU.Build.0 = Release|Any CPU
		{EF02E4D5-E045-4F4D-96D2-93B5256DD492}.Debug|Any CPU.ActiveCfg = Debug|Any CPU
		{EF02E4D5-E045-4F4D-96D2-93B5256DD492}.Debug|Any CPU.Build.0 = Debug|Any CPU
		{EF02E4D5-E045-4F4D-96D2-93B5256DD492}.Release|Any CPU.ActiveCfg = Release|Any CPU
		{EF02E4D5-E045-4F4D-96D2-93B5256DD492}.Release|Any CPU.Build.0 = Release|Any CPU
	EndGlobalSection
	GlobalSection(SolutionProperties) = preSolution
		HideSolutionNode = FALSE
	EndGlobalSection
	GlobalSection(NestedProjects) = preSolution
		{BA160063-CED1-4C50-8988-76A72DF0D8B7} = {B8EA7152-21BA-4758-AC29-02A568963EE0}
		{64AC6140-7537-4B69-A85E-A3711FC266DB} = {B8EA7152-21BA-4758-AC29-02A568963EE0}
		{AD8CF903-4A28-41B5-8E48-01F92A6E2F09} = {5DDA19E8-EA20-4F60-9280-57A7C8A166C9}
		{3FB67A68-D22D-4F9E-9BC2-8C2CAA279E71} = {5DDA19E8-EA20-4F60-9280-57A7C8A166C9}
		{79FBFC6D-93A7-473E-92A8-5905AF91C94B} = {5DDA19E8-EA20-4F60-9280-57A7C8A166C9}
		{7BC309DC-2AFB-4003-9946-A78A40BADF37} = {4AA083CA-83BF-4EFB-A2F4-4F482AAD07EE}
		{1EA8B936-4507-493A-BE32-66F144E3E111} = {B8EA7152-21BA-4758-AC29-02A568963EE0}
		{DAA1A1AC-E911-4098-B1C5-9B6F8E771023} = {1EA8B936-4507-493A-BE32-66F144E3E111}
		{73E13649-1889-4B5F-9241-273F5AFBAEE1} = {BA160063-CED1-4C50-8988-76A72DF0D8B7}
		{CFFC724E-071E-42E4-AA7D-85EA262910E2} = {64AC6140-7537-4B69-A85E-A3711FC266DB}
		{CF88C571-7021-40CF-9A8A-D9DEF8B6EEC5} = {64AC6140-7537-4B69-A85E-A3711FC266DB}
		{24195C7F-F70F-433C-9B36-F4A67ACFAED1} = {CBC315AA-600A-4583-84AF-3D32C52F51EB}
		{3B37C8CA-ABD3-4835-AD50-5652B2733B42} = {4B4B8984-5736-44C9-BB5D-F245B6FB14B6}
		{3080691D-01EC-424E-B7C6-AFB1036C7BE4} = {D9B6AAE7-8462-4C5D-AB57-ED85B402A45D}
		{A49A5DD7-34DE-402F-B8D6-3351847C1D72} = {B8EA7152-21BA-4758-AC29-02A568963EE0}
		{E9150129-D59D-437A-B9F1-438EA4E654A1} = {A49A5DD7-34DE-402F-B8D6-3351847C1D72}
		{83D1229B-9F6B-4CD4-A16C-6579B87D50A2} = {A49A5DD7-34DE-402F-B8D6-3351847C1D72}
		{C23C4561-CED4-4873-AE64-CDF27376F6DC} = {B8EA7152-21BA-4758-AC29-02A568963EE0}
		{09404BA0-210E-47CD-B3B9-1D3C35F60194} = {C23C4561-CED4-4873-AE64-CDF27376F6DC}
		{EF02E4D5-E045-4F4D-96D2-93B5256DD492} = {C23C4561-CED4-4873-AE64-CDF27376F6DC}
	EndGlobalSection
	GlobalSection(ExtensibilityGlobals) = postSolution
		SolutionGuid = {E2DED1DD-27C1-41FE-B5B1-7AC3D3A095A4}
	EndGlobalSection
EndGlobal
